
Microsoft Visual Studio Solution File, Format Version 12.00
# Visual Studio 15
VisualStudioVersion = 15.0.27004.2008
MinimumVisualStudioVersion = 10.0.40219.1
Project("{9A19103F-16F7-4668-BE54-9A1E7A4F7556}") = "CashFlowBuddie", "CashFlowBuddie\CashFlowBuddie.csproj", "{51BE1A30-06AF-4580-BD32-B464D219C898}"
EndProject
Global
	GlobalSection(SolutionConfigurationPlatforms) = preSolution
		Debug|Any CPU = Debug|Any CPU
		Release|Any CPU = Release|Any CPU
	EndGlobalSection
	GlobalSection(ProjectConfigurationPlatforms) = postSolution
		{51BE1A30-06AF-4580-BD32-B464D219C898}.Debug|Any CPU.ActiveCfg = Debug|Any CPU
		{51BE1A30-06AF-4580-BD32-B464D219C898}.Debug|Any CPU.Build.0 = Debug|Any CPU
		{51BE1A30-06AF-4580-BD32-B464D219C898}.Release|Any CPU.ActiveCfg = Release|Any CPU
		{51BE1A30-06AF-4580-BD32-B464D219C898}.Release|Any CPU.Build.0 = Release|Any CPU
	EndGlobalSection
	GlobalSection(SolutionProperties) = preSolution
		HideSolutionNode = FALSE
	EndGlobalSection
	GlobalSection(ExtensibilityGlobals) = postSolution
		SolutionGuid = {07A540CB-6C39-49BD-8530-3832B30C8808}
	EndGlobalSection
EndGlobal
